// !$*UTF8*$!
{
	archiveVersion = 1;
	classes = {
	};
	objectVersion = 46;
	objects = {

/* Begin PBXBuildFile section */
		1BF0B87A1D081A8700451014 /* AppDelegate.swift in Sources */ = {isa = PBXBuildFile; fileRef = 1BF0B8791D081A8700451014 /* AppDelegate.swift */; };
		1BF0B87C1D081A8700451014 /* ViewController.swift in Sources */ = {isa = PBXBuildFile; fileRef = 1BF0B87B1D081A8700451014 /* ViewController.swift */; };
		1BF0B87F1D081A8700451014 /* Main.storyboard in Resources */ = {isa = PBXBuildFile; fileRef = 1BF0B87D1D081A8700451014 /* Main.storyboard */; };
		1BF0B8811D081A8700451014 /* Assets.xcassets in Resources */ = {isa = PBXBuildFile; fileRef = 1BF0B8801D081A8700451014 /* Assets.xcassets */; };
		1BF0B8841D081A8700451014 /* LaunchScreen.storyboard in Resources */ = {isa = PBXBuildFile; fileRef = 1BF0B8821D081A8700451014 /* LaunchScreen.storyboard */; };
		1BF0B88F1D081A8700451014 /* sampleAssetURLTests.swift in Sources */ = {isa = PBXBuildFile; fileRef = 1BF0B88E1D081A8700451014 /* sampleAssetURLTests.swift */; };
		1BF0B89A1D081A8700451014 /* sampleAssetURLUITests.swift in Sources */ = {isa = PBXBuildFile; fileRef = 1BF0B8991D081A8700451014 /* sampleAssetURLUITests.swift */; };
/* End PBXBuildFile section */

/* Begin PBXContainerItemProxy section */
		1BF0B88B1D081A8700451014 /* PBXContainerItemProxy */ = {
			isa = PBXContainerItemProxy;
			containerPortal = 1BF0B86E1D081A8700451014 /* Project object */;
			proxyType = 1;
			remoteGlobalIDString = 1BF0B8751D081A8700451014;
			remoteInfo = sampleAssetURL;
		};
		1BF0B8961D081A8700451014 /* PBXContainerItemProxy */ = {
			isa = PBXContainerItemProxy;
			containerPortal = 1BF0B86E1D081A8700451014 /* Project object */;
			proxyType = 1;
			remoteGlobalIDString = 1BF0B8751D081A8700451014;
			remoteInfo = sampleAssetURL;
		};
/* End PBXContainerItemProxy section */

/* Begin PBXFileReference section */
		1BF0B8761D081A8700451014 /* sampleAssetURL.app */ = {isa = PBXFileReference; explicitFileType = wrapper.application; includeInIndex = 0; path = sampleAssetURL.app; sourceTree = BUILT_PRODUCTS_DIR; };
		1BF0B8791D081A8700451014 /* AppDelegate.swift */ = {isa = PBXFileReference; lastKnownFileType = sourcecode.swift; path = AppDelegate.swift; sourceTree = "<group>"; };
		1BF0B87B1D081A8700451014 /* ViewController.swift */ = {isa = PBXFileReference; lastKnownFileType = sourcecode.swift; path = ViewController.swift; sourceTree = "<group>"; };
		1BF0B87E1D081A8700451014 /* Base */ = {isa = PBXFileReference; lastKnownFileType = file.storyboard; name = Base; path = Base.lproj/Main.storyboard; sourceTree = "<group>"; };
		1BF0B8801D081A8700451014 /* Assets.xcassets */ = {isa = PBXFileReference; lastKnownFileType = folder.assetcatalog; path = Assets.xcassets; sourceTree = "<group>"; };
		1BF0B8831D081A8700451014 /* Base */ = {isa = PBXFileReference; lastKnownFileType = file.storyboard; name = Base; path = Base.lproj/LaunchScreen.storyboard; sourceTree = "<group>"; };
		1BF0B8851D081A8700451014 /* Info.plist */ = {isa = PBXFileReference; lastKnownFileType = text.plist.xml; path = Info.plist; sourceTree = "<group>"; };
		1BF0B88A1D081A8700451014 /* sampleAssetURLTests.xctest */ = {isa = PBXFileReference; explicitFileType = wrapper.cfbundle; includeInIndex = 0; path = sampleAssetURLTests.xctest; sourceTree = BUILT_PRODUCTS_DIR; };
		1BF0B88E1D081A8700451014 /* sampleAssetURLTests.swift */ = {isa = PBXFileReference; lastKnownFileType = sourcecode.swift; path = sampleAssetURLTests.swift; sourceTree = "<group>"; };
		1BF0B8901D081A8700451014 /* Info.plist */ = {isa = PBXFileReference; lastKnownFileType = text.plist.xml; path = Info.plist; sourceTree = "<group>"; };
		1BF0B8951D081A8700451014 /* sampleAssetURLUITests.xctest */ = {isa = PBXFileReference; explicitFileType = wrapper.cfbundle; includeInIndex = 0; path = sampleAssetURLUITests.xctest; sourceTree = BUILT_PRODUCTS_DIR; };
		1BF0B8991D081A8700451014 /* sampleAssetURLUITests.swift */ = {isa = PBXFileReference; lastKnownFileType = sourcecode.swift; path = sampleAssetURLUITests.swift; sourceTree = "<group>"; };
		1BF0B89B1D081A8700451014 /* Info.plist */ = {isa = PBXFileReference; lastKnownFileType = text.plist.xml; path = Info.plist; sourceTree = "<group>"; };
/* End PBXFileReference section */

/* Begin PBXFrameworksBuildPhase section */
		1BF0B8731D081A8700451014 /* Frameworks */ = {
			isa = PBXFrameworksBuildPhase;
			buildActionMask = 2147483647;
			files = (
			);
			runOnlyForDeploymentPostprocessing = 0;
		};
		1BF0B8871D081A8700451014 /* Frameworks */ = {
			isa = PBXFrameworksBuildPhase;
			buildActionMask = 2147483647;
			files = (
			);
			runOnlyForDeploymentPostprocessing = 0;
		};
		1BF0B8921D081A8700451014 /* Frameworks */ = {
			isa = PBXFrameworksBuildPhase;
			buildActionMask = 2147483647;
			files = (
			);
			runOnlyForDeploymentPostprocessing = 0;
		};
/* End PBXFrameworksBuildPhase section */

/* Begin PBXGroup section */
		1BF0B86D1D081A8700451014 = {
			isa = PBXGroup;
			children = (
				1BF0B8781D081A8700451014 /* sampleAssetURL */,
				1BF0B88D1D081A8700451014 /* sampleAssetURLTests */,
				1BF0B8981D081A8700451014 /* sampleAssetURLUITests */,
				1BF0B8771D081A8700451014 /* Products */,
			);
			sourceTree = "<group>";
		};
		1BF0B8771D081A8700451014 /* Products */ = {
			isa = PBXGroup;
			children = (
				1BF0B8761D081A8700451014 /* sampleAssetURL.app */,
				1BF0B88A1D081A8700451014 /* sampleAssetURLTests.xctest */,
				1BF0B8951D081A8700451014 /* sampleAssetURLUITests.xctest */,
			);
			name = Products;
			sourceTree = "<group>";
		};
		1BF0B8781D081A8700451014 /* sampleAssetURL */ = {
			isa = PBXGroup;
			children = (
				1BF0B8791D081A8700451014 /* AppDelegate.swift */,
				1BF0B87B1D081A8700451014 /* ViewController.swift */,
				1BF0B87D1D081A8700451014 /* Main.storyboard */,
				1BF0B8801D081A8700451014 /* Assets.xcassets */,
				1BF0B8821D081A8700451014 /* LaunchScreen.storyboard */,
				1BF0B8851D081A8700451014 /* Info.plist */,
			);
			path = sampleAssetURL;
			sourceTree = "<group>";
		};
		1BF0B88D1D081A8700451014 /* sampleAssetURLTests */ = {
			isa = PBXGroup;
			children = (
				1BF0B88E1D081A8700451014 /* sampleAssetURLTests.swift */,
				1BF0B8901D081A8700451014 /* Info.plist */,
			);
			path = sampleAssetURLTests;
			sourceTree = "<group>";
		};
		1BF0B8981D081A8700451014 /* sampleAssetURLUITests */ = {
			isa = PBXGroup;
			children = (
				1BF0B8991D081A8700451014 /* sampleAssetURLUITests.swift */,
				1BF0B89B1D081A8700451014 /* Info.plist */,
			);
			path = sampleAssetURLUITests;
			sourceTree = "<group>";
		};
/* End PBXGroup section */

/* Begin PBXNativeTarget section */
		1BF0B8751D081A8700451014 /* sampleAssetURL */ = {
			isa = PBXNativeTarget;
			buildConfigurationList = 1BF0B89E1D081A8700451014 /* Build configuration list for PBXNativeTarget "sampleAssetURL" */;
			buildPhases = (
				1BF0B8721D081A8700451014 /* Sources */,
				1BF0B8731D081A8700451014 /* Frameworks */,
				1BF0B8741D081A8700451014 /* Resources */,
			);
			buildRules = (
			);
			dependencies = (
			);
			name = sampleAssetURL;
			productName = sampleAssetURL;
			productReference = 1BF0B8761D081A8700451014 /* sampleAssetURL.app */;
			productType = "com.apple.product-type.application";
		};
		1BF0B8891D081A8700451014 /* sampleAssetURLTests */ = {
			isa = PBXNativeTarget;
			buildConfigurationList = 1BF0B8A11D081A8700451014 /* Build configuration list for PBXNativeTarget "sampleAssetURLTests" */;
			buildPhases = (
				1BF0B8861D081A8700451014 /* Sources */,
				1BF0B8871D081A8700451014 /* Frameworks */,
				1BF0B8881D081A8700451014 /* Resources */,
			);
			buildRules = (
			);
			dependencies = (
				1BF0B88C1D081A8700451014 /* PBXTargetDependency */,
			);
			name = sampleAssetURLTests;
			productName = sampleAssetURLTests;
			productReference = 1BF0B88A1D081A8700451014 /* sampleAssetURLTests.xctest */;
			productType = "com.apple.product-type.bundle.unit-test";
		};
		1BF0B8941D081A8700451014 /* sampleAssetURLUITests */ = {
			isa = PBXNativeTarget;
			buildConfigurationList = 1BF0B8A41D081A8700451014 /* Build configuration list for PBXNativeTarget "sampleAssetURLUITests" */;
			buildPhases = (
				1BF0B8911D081A8700451014 /* Sources */,
				1BF0B8921D081A8700451014 /* Frameworks */,
				1BF0B8931D081A8700451014 /* Resources */,
			);
			buildRules = (
			);
			dependencies = (
				1BF0B8971D081A8700451014 /* PBXTargetDependency */,
			);
			name = sampleAssetURLUITests;
			productName = sampleAssetURLUITests;
			productReference = 1BF0B8951D081A8700451014 /* sampleAssetURLUITests.xctest */;
			productType = "com.apple.product-type.bundle.ui-testing";
		};
/* End PBXNativeTarget section */

/* Begin PBXProject section */
		1BF0B86E1D081A8700451014 /* Project object */ = {
			isa = PBXProject;
			attributes = {
				LastSwiftUpdateCheck = 0720;
				LastUpgradeCheck = 0720;
				ORGANIZATIONNAME = "Eriko Ichinohe";
				TargetAttributes = {
					1BF0B8751D081A8700451014 = {
						CreatedOnToolsVersion = 7.2;
					};
					1BF0B8891D081A8700451014 = {
						CreatedOnToolsVersion = 7.2;
						TestTargetID = 1BF0B8751D081A8700451014;
					};
					1BF0B8941D081A8700451014 = {
						CreatedOnToolsVersion = 7.2;
						TestTargetID = 1BF0B8751D081A8700451014;
					};
				};
			};
			buildConfigurationList = 1BF0B8711D081A8700451014 /* Build configuration list for PBXProject "sampleAssetURL" */;
			compatibilityVersion = "Xcode 3.2";
			developmentRegion = English;
			hasScannedForEncodings = 0;
			knownRegions = (
				en,
				Base,
			);
			mainGroup = 1BF0B86D1D081A8700451014;
			productRefGroup = 1BF0B8771D081A8700451014 /* Products */;
			projectDirPath = "";
			projectRoot = "";
			targets = (
				1BF0B8751D081A8700451014 /* sampleAssetURL */,
				1BF0B8891D081A8700451014 /* sampleAssetURLTests */,
				1BF0B8941D081A8700451014 /* sampleAssetURLUITests */,
			);
		};
/* End PBXProject section */

/* Begin PBXResourcesBuildPhase section */
		1BF0B8741D081A8700451014 /* Resources */ = {
			isa = PBXResourcesBuildPhase;
			buildActionMask = 2147483647;
			files = (
				1BF0B8841D081A8700451014 /* LaunchScreen.storyboard in Resources */,
				1BF0B8811D081A8700451014 /* Assets.xcassets in Resources */,
				1BF0B87F1D081A8700451014 /* Main.storyboard in Resources */,
			);
			runOnlyForDeploymentPostprocessing = 0;
		};
		1BF0B8881D081A8700451014 /* Resources */ = {
			isa = PBXResourcesBuildPhase;
			buildActionMask = 2147483647;
			files = (
			);
			runOnlyForDeploymentPostprocessing = 0;
		};
		1BF0B8931D081A8700451014 /* Resources */ = {
			isa = PBXResourcesBuildPhase;
			buildActionMask = 2147483647;
			files = (
			);
			runOnlyForDeploymentPostprocessing = 0;
		};
/* End PBXResourcesBuildPhase section */

/* Begin PBXSourcesBuildPhase section */
		1BF0B8721D081A8700451014 /* Sources */ = {
			isa = PBXSourcesBuildPhase;
			buildActionMask = 2147483647;
			files = (
				1BF0B87C1D081A8700451014 /* ViewController.swift in Sources */,
				1BF0B87A1D081A8700451014 /* AppDelegate.swift in Sources */,
			);
			runOnlyForDeploymentPostprocessing = 0;
		};
		1BF0B8861D081A8700451014 /* Sources */ = {
			isa = PBXSourcesBuildPhase;
			buildActionMask = 2147483647;
			files = (
				1BF0B88F1D081A8700451014 /* sampleAssetURLTests.swift in Sources */,
			);
			runOnlyForDeploymentPostprocessing = 0;
		};
		1BF0B8911D081A8700451014 /* Sources */ = {
			isa = PBXSourcesBuildPhase;
			buildActionMask = 2147483647;
			files = (
				1BF0B89A1D081A8700451014 /* sampleAssetURLUITests.swift in Sources */,
			);
			runOnlyForDeploymentPostprocessing = 0;
		};
/* End PBXSourcesBuildPhase section */

/* Begin PBXTargetDependency section */
		1BF0B88C1D081A8700451014 /* PBXTargetDependency */ = {
			isa = PBXTargetDependency;
			target = 1BF0B8751D081A8700451014 /* sampleAssetURL */;
			targetProxy = 1BF0B88B1D081A8700451014 /* PBXContainerItemProxy */;
		};
		1BF0B8971D081A8700451014 /* PBXTargetDependency */ = {
			isa = PBXTargetDependency;
			target = 1BF0B8751D081A8700451014 /* sampleAssetURL */;
			targetProxy = 1BF0B8961D081A8700451014 /* PBXContainerItemProxy */;
		};
/* End PBXTargetDependency section */

/* Begin PBXVariantGroup section */
		1BF0B87D1D081A8700451014 /* Main.storyboard */ = {
			isa = PBXVariantGroup;
			children = (
				1BF0B87E1D081A8700451014 /* Base */,
			);
			name = Main.storyboard;
			sourceTree = "<group>";
		};
		1BF0B8821D081A8700451014 /* LaunchScreen.storyboard */ = {
			isa = PBXVariantGroup;
			children = (
				1BF0B8831D081A8700451014 /* Base */,
			);
			name = LaunchScreen.storyboard;
			sourceTree = "<group>";
		};
/* End PBXVariantGroup section */

/* Begin XCBuildConfiguration section */
		1BF0B89C1D081A8700451014 /* Debug */ = {
			isa = XCBuildConfiguration;
			buildSettings = {
				ALWAYS_SEARCH_USER_PATHS = NO;
				CLANG_CXX_LANGUAGE_STANDARD = "gnu++0x";
				CLANG_CXX_LIBRARY = "libc++";
				CLANG_ENABLE_MODULES = YES;
				CLANG_ENABLE_OBJC_ARC = YES;
				CLANG_WARN_BOOL_CONVERSION = YES;
				CLANG_WARN_CONSTANT_CONVERSION = YES;
				CLANG_WARN_DIRECT_OBJC_ISA_USAGE = YES_ERROR;
				CLANG_WARN_EMPTY_BODY = YES;
				CLANG_WARN_ENUM_CONVERSION = YES;
				CLANG_WARN_INT_CONVERSION = YES;
				CLANG_WARN_OBJC_ROOT_CLASS = YES_ERROR;
				CLANG_WARN_UNREACHABLE_CODE = YES;
				CLANG_WARN__DUPLICATE_METHOD_MATCH = YES;
				"CODE_SIGN_IDENTITY[sdk=iphoneos*]" = "iPhone Developer";
				COPY_PHASE_STRIP = NO;
				DEBUG_INFORMATION_FORMAT = dwarf;
				ENABLE_STRICT_OBJC_MSGSEND = YES;
				ENABLE_TESTABILITY = YES;
				GCC_C_LANGUAGE_STANDARD = gnu99;
				GCC_DYNAMIC_NO_PIC = NO;
				GCC_NO_COMMON_BLOCKS = YES;
				GCC_OPTIMIZATION_LEVEL = 0;
				GCC_PREPROCESSOR_DEFINITIONS = (
					"DEBUG=1",
					"$(inherited)",
				);
				GCC_WARN_64_TO_32_BIT_CONVERSION = YES;
				GCC_WARN_ABOUT_RETURN_TYPE = YES_ERROR;
				GCC_WARN_UNDECLARED_SELECTOR = YES;
				GCC_WARN_UNINITIALIZED_AUTOS = YES_AGGRESSIVE;
				GCC_WARN_UNUSED_FUNCTION = YES;
				GCC_WARN_UNUSED_VARIABLE = YES;
				IPHONEOS_DEPLOYMENT_TARGET = 9.2;
				MTL_ENABLE_DEBUG_INFO = YES;
				ONLY_ACTIVE_ARCH = YES;
				SDKROOT = iphoneos;
				SWIFT_OPTIMIZATION_LEVEL = "-Onone";
			};
			name = Debug;
		};
		1BF0B89D1D081A8700451014 /* Release */ = {
			isa = XCBuildConfiguration;
			buildSettings = {
				ALWAYS_SEARCH_USER_PATHS = NO;
				CLANG_CXX_LANGUAGE_STANDARD = "gnu++0x";
				CLANG_CXX_LIBRARY = "libc++";
				CLANG_ENABLE_MODULES = YES;
				CLANG_ENABLE_OBJC_ARC = YES;
				CLANG_WARN_BOOL_CONVERSION = YES;
				CLANG_WARN_CONSTANT_CONVERSION = YES;
				CLANG_WARN_DIRECT_OBJC_ISA_USAGE = YES_ERROR;
				CLANG_WARN_EMPTY_BODY = YES;
				CLANG_WARN_ENUM_CONVERSION = YES;
				CLANG_WARN_INT_CONVERSION = YES;
				CLANG_WARN_OBJC_ROOT_CLASS = YES_ERROR;
				CLANG_WARN_UNREACHABLE_CODE = YES;
				CLANG_WARN__DUPLICATE_METHOD_MATCH = YES;
				"CODE_SIGN_IDENTITY[sdk=iphoneos*]" = "iPhone Developer";
				COPY_PHASE_STRIP = NO;
				DEBUG_INFORMATION_FORMAT = "dwarf-with-dsym";
				ENABLE_NS_ASSERTIONS = NO;
				ENABLE_STRICT_OBJC_MSGSEND = YES;
				GCC_C_LANGUAGE_STANDARD = gnu99;
				GCC_NO_COMMON_BLOCKS = YES;
				GCC_WARN_64_TO_32_BIT_CONVERSION = YES;
				GCC_WARN_ABOUT_RETURN_TYPE = YES_ERROR;
				GCC_WARN_UNDECLARED_SELECTOR = YES;
				GCC_WARN_UNINITIALIZED_AUTOS = YES_AGGRESSIVE;
				GCC_WARN_UNUSED_FUNCTION = YES;
				GCC_WARN_UNUSED_VARIABLE = YES;
				IPHONEOS_DEPLOYMENT_TARGET = 9.2;
				MTL_ENABLE_DEBUG_INFO = NO;
				SDKROOT = iphoneos;
				VALIDATE_PRODUCT = YES;
			};
			name = Release;
		};
		1BF0B89F1D081A8700451014 /* Debug */ = {
			isa = XCBuildConfiguration;
			buildSettings = {
				ASSETCATALOG_COMPILER_APPICON_NAME = AppIcon;
				INFOPLIST_FILE = sampleAssetURL/Info.plist;
				IPHONEOS_DEPLOYMENT_TARGET = 9.1;
				LD_RUNPATH_SEARCH_PATHS = "$(inherited) @executable_path/Frameworks";
				PRODUCT_BUNDLE_IDENTIFIER = com.erikoichinohe.sampleAssetURL;
				PRODUCT_NAME = "$(TARGET_NAME)";
			};
			name = Debug;
		};
		1BF0B8A01D081A8700451014 /* Release */ = {
			isa = XCBuildConfiguration;
			buildSettings = {
				ASSETCATALOG_COMPILER_APPICON_NAME = AppIcon;
				INFOPLIST_FILE = sampleAssetURL/Info.plist;
				IPHONEOS_DEPLOYMENT_TARGET = 9.1;
				LD_RUNPATH_SEARCH_PATHS = "$(inherited) @executable_path/Frameworks";
				PRODUCT_BUNDLE_IDENTIFIER = com.erikoichinohe.sampleAssetURL;
				PRODUCT_NAME = "$(TARGET_NAME)";
			};
			name = Release;
		};
		1BF0B8A21D081A8700451014 /* Debug */ = {
			isa = XCBuildConfiguration;
			buildSettings = {
				BUNDLE_LOADER = "$(TEST_HOST)";
				INFOPLIST_FILE = sampleAssetURLTests/Info.plist;
				LD_RUNPATH_SEARCH_PATHS = "$(inherited) @executable_path/Frameworks @loader_path/Frameworks";
				PRODUCT_BUNDLE_IDENTIFIER = com.erikoichinohe.sampleAssetURLTests;
				PRODUCT_NAME = "$(TARGET_NAME)";
				TEST_HOST = "$(BUILT_PRODUCTS_DIR)/sampleAssetURL.app/sampleAssetURL";
			};
			name = Debug;
		};
		1BF0B8A31D081A8700451014 /* Release */ = {
			isa = XCBuildConfiguration;
			buildSettings = {
				BUNDLE_LOADER = "$(TEST_HOST)";
				INFOPLIST_FILE = sampleAssetURLTests/Info.plist;
				LD_RUNPATH_SEARCH_PATHS = "$(inherited) @executable_path/Frameworks @loader_path/Frameworks";
				PRODUCT_BUNDLE_IDENTIFIER = com.erikoichinohe.sampleAssetURLTests;
				PRODUCT_NAME = "$(TARGET_NAME)";
				TEST_HOST = "$(BUILT_PRODUCTS_DIR)/sampleAssetURL.app/sampleAssetURL";
			};
			name = Release;
		};
		1BF0B8A51D081A8700451014 /* Debug */ = {
			isa = XCBuildConfiguration;
			buildSettings = {
				INFOPLIST_FILE = sampleAssetURLUITests/Info.plist;
				LD_RUNPATH_SEARCH_PATHS = "$(inherited) @executable_path/Frameworks @loader_path/Frameworks";
				PRODUCT_BUNDLE_IDENTIFIER = com.erikoichinohe.sampleAssetURLUITests;
				PRODUCT_NAME = "$(TARGET_NAME)";
				TEST_TARGET_NAME = sampleAssetURL;
				USES_XCTRUNNER = YES;
			};
			name = Debug;
		};
		1BF0B8A61D081A8700451014 /* Release */ = {
			isa = XCBuildConfiguration;
			buildSettings = {
				INFOPLIST_FILE = sampleAssetURLUITests/Info.plist;
				LD_RUNPATH_SEARCH_PATHS = "$(inherited) @executable_path/Frameworks @loader_path/Frameworks";
				PRODUCT_BUNDLE_IDENTIFIER = com.erikoichinohe.sampleAssetURLUITests;
				PRODUCT_NAME = "$(TARGET_NAME)";
				TEST_TARGET_NAME = sampleAssetURL;
				USES_XCTRUNNER = YES;
			};
			name = Release;
		};
/* End XCBuildConfiguration section */

/* Begin XCConfigurationList section */
		1BF0B8711D081A8700451014 /* Build configuration list for PBXProject "sampleAssetURL" */ = {
			isa = XCConfigurationList;
			buildConfigurations = (
				1BF0B89C1D081A8700451014 /* Debug */,
				1BF0B89D1D081A8700451014 /* Release */,
			);
			defaultConfigurationIsVisible = 0;
			defaultConfigurationName = Release;
		};
		1BF0B89E1D081A8700451014 /* Build configuration list for PBXNativeTarget "sampleAssetURL" */ = {
			isa = XCConfigurationList;
			buildConfigurations = (
				1BF0B89F1D081A8700451014 /* Debug */,
				1BF0B8A01D081A8700451014 /* Release */,
			);
			defaultConfigurationIsVisible = 0;
			defaultConfigurationName = Release;
		};
		1BF0B8A11D081A8700451014 /* Build configuration list for PBXNativeTarget "sampleAssetURLTests" */ = {
			isa = XCConfigurationList;
			buildConfigurations = (
				1BF0B8A21D081A8700451014 /* Debug */,
				1BF0B8A31D081A8700451014 /* Release */,
			);
			defaultConfigurationIsVisible = 0;
			defaultConfigurationName = Release;
		};
		1BF0B8A41D081A8700451014 /* Build configuration list for PBXNativeTarget "sampleAssetURLUITests" */ = {
			isa = XCConfigurationList;
			buildConfigurations = (
				1BF0B8A51D081A8700451014 /* Debug */,
				1BF0B8A61D081A8700451014 /* Release */,
			);
			defaultConfigurationIsVisible = 0;
			defaultConfigurationName = Release;
		};
/* End XCConfigurationList section */
	};
	rootObject = 1BF0B86E1D081A8700451014 /* Project object */;
}
